
Microsoft Visual Studio Solution File, Format Version 12.00
# Visual Studio Version 16
VisualStudioVersion = 16.0.29905.134
MinimumVisualStudioVersion = 10.0.40219.1
Project("{FAE04EC0-301F-11D3-BF4B-00C04F79EFBC}") = "ACE_Driving_School", "ACE_Driving_School\ACE_Driving_School.csproj", "{9EA7067B-D23A-437A-909C-2D240A183651}"
EndProject
Global
	GlobalSection(SolutionConfigurationPlatforms) = preSolution
		Debug|Any CPU = Debug|Any CPU
		Release|Any CPU = Release|Any CPU
	EndGlobalSection
	GlobalSection(ProjectConfigurationPlatforms) = postSolution
		{9EA7067B-D23A-437A-909C-2D240A183651}.Debug|Any CPU.ActiveCfg = Debug|Any CPU
		{9EA7067B-D23A-437A-909C-2D240A183651}.Debug|Any CPU.Build.0 = Debug|Any CPU
		{9EA7067B-D23A-437A-909C-2D240A183651}.Release|Any CPU.ActiveCfg = Release|Any CPU
		{9EA7067B-D23A-437A-909C-2D240A183651}.Release|Any CPU.Build.0 = Release|Any CPU
	EndGlobalSection
	GlobalSection(SolutionProperties) = preSolution
		HideSolutionNode = FALSE
	EndGlobalSection
	GlobalSection(ExtensibilityGlobals) = postSolution
		SolutionGuid = {C3F94911-6D40-44DA-9514-7E6EEE74A731}
	EndGlobalSection
EndGlobal
